
Microsoft Visual Studio Solution File, Format Version 12.00
# Visual Studio Version 17
VisualStudioVersion = 17.14.36414.22
MinimumVisualStudioVersion = 10.0.40219.1
Project("{2150E333-8FDC-42A3-9474-1A3956D46DE8}") = "src", "src", "{827E0CD3-B72D-47B6-A68D-7590B98EB39B}"
EndProject
Project("{2150E333-8FDC-42A3-9474-1A3956D46DE8}") = "tests", "tests", "{0AB3BF05-4346-4AA6-1389-037BE0695223}"
EndProject
Project("{FAE04EC0-301F-11D3-BF4B-00C04F79EFBC}") = "ShoppingBasket.Api", "src\ShoppingBasket.Api\ShoppingBasket.Api.csproj", "{EA652391-0F2F-3131-41BB-8A5A898A9ACB}"
EndProject
Project("{FAE04EC0-301F-11D3-BF4B-00C04F79EFBC}") = "ShoppingBasket.Application", "src\ShoppingBasket.Application\ShoppingBasket.Application.csproj", "{F5CC214B-B36A-BED5-0094-BA8B61639B26}"
EndProject
Project("{FAE04EC0-301F-11D3-BF4B-00C04F79EFBC}") = "ShoppingBasket.Domain", "src\ShoppingBasket.Domain\ShoppingBasket.Domain.csproj", "{FEBEC1D2-0160-6DD9-7D49-D612025B4458}"
EndProject
Project("{FAE04EC0-301F-11D3-BF4B-00C04F79EFBC}") = "ShoppingBasket.Infrastructure", "src\ShoppingBasket.Infrastructure\ShoppingBasket.Infrastructure.csproj", "{F9267D5B-5227-28E5-4498-BD4E87BA8B44}"
EndProject
Project("{FAE04EC0-301F-11D3-BF4B-00C04F79EFBC}") = "ShoppingBasket.Tests", "tests\ShoppingBasket.Tests\ShoppingBasket.Tests.csproj", "{7AC03D84-0E9D-00E6-A7CE-F36052145CBA}"
EndProject
Global
	GlobalSection(SolutionConfigurationPlatforms) = preSolution
		Debug|Any CPU = Debug|Any CPU
		Debug|x64 = Debug|x64
		Debug|x86 = Debug|x86
		Release|Any CPU = Release|Any CPU
		Release|x64 = Release|x64
		Release|x86 = Release|x86
	EndGlobalSection
	GlobalSection(ProjectConfigurationPlatforms) = postSolution
		{EA652391-0F2F-3131-41BB-8A5A898A9ACB}.Debug|Any CPU.ActiveCfg = Debug|Any CPU
		{EA652391-0F2F-3131-41BB-8A5A898A9ACB}.Debug|Any CPU.Build.0 = Debug|Any CPU
		{EA652391-0F2F-3131-41BB-8A5A898A9ACB}.Debug|x64.ActiveCfg = Debug|Any CPU
		{EA652391-0F2F-3131-41BB-8A5A898A9ACB}.Debug|x64.Build.0 = Debug|Any CPU
		{EA652391-0F2F-3131-41BB-8A5A898A9ACB}.Debug|x86.ActiveCfg = Debug|Any CPU
		{EA652391-0F2F-3131-41BB-8A5A898A9ACB}.Debug|x86.Build.0 = Debug|Any CPU
		{EA652391-0F2F-3131-41BB-8A5A898A9ACB}.Release|Any CPU.ActiveCfg = Release|Any CPU
		{EA652391-0F2F-3131-41BB-8A5A898A9ACB}.Release|Any CPU.Build.0 = Release|Any CPU
		{EA652391-0F2F-3131-41BB-8A5A898A9ACB}.Release|x64.ActiveCfg = Release|Any CPU
		{EA652391-0F2F-3131-41BB-8A5A898A9ACB}.Release|x64.Build.0 = Release|Any CPU
		{EA652391-0F2F-3131-41BB-8A5A898A9ACB}.Release|x86.ActiveCfg = Release|Any CPU
		{EA652391-0F2F-3131-41BB-8A5A898A9ACB}.Release|x86.Build.0 = Release|Any CPU
		{F5CC214B-B36A-BED5-0094-BA8B61639B26}.Debug|Any CPU.ActiveCfg = Debug|Any CPU
		{F5CC214B-B36A-BED5-0094-BA8B61639B26}.Debug|Any CPU.Build.0 = Debug|Any CPU
		{F5CC214B-B36A-BED5-0094-BA8B61639B26}.Debug|x64.ActiveCfg = Debug|Any CPU
		{F5CC214B-B36A-BED5-0094-BA8B61639B26}.Debug|x64.Build.0 = Debug|Any CPU
		{F5CC214B-B36A-BED5-0094-BA8B61639B26}.Debug|x86.ActiveCfg = Debug|Any CPU
		{F5CC214B-B36A-BED5-0094-BA8B61639B26}.Debug|x86.Build.0 = Debug|Any CPU
		{F5CC214B-B36A-BED5-0094-BA8B61639B26}.Release|Any CPU.ActiveCfg = Release|Any CPU
		{F5CC214B-B36A-BED5-0094-BA8B61639B26}.Release|Any CPU.Build.0 = Release|Any CPU
		{F5CC214B-B36A-BED5-0094-BA8B61639B26}.Release|x64.ActiveCfg = Release|Any CPU
		{F5CC214B-B36A-BED5-0094-BA8B61639B26}.Release|x64.Build.0 = Release|Any CPU
		{F5CC214B-B36A-BED5-0094-BA8B61639B26}.Release|x86.ActiveCfg = Release|Any CPU
		{F5CC214B-B36A-BED5-0094-BA8B61639B26}.Release|x86.Build.0 = Release|Any CPU
		{FEBEC1D2-0160-6DD9-7D49-D612025B4458}.Debug|Any CPU.ActiveCfg = Debug|Any CPU
		{FEBEC1D2-0160-6DD9-7D49-D612025B4458}.Debug|Any CPU.Build.0 = Debug|Any CPU
		{FEBEC1D2-0160-6DD9-7D49-D612025B4458}.Debug|x64.ActiveCfg = Debug|Any CPU
		{FEBEC1D2-0160-6DD9-7D49-D612025B4458}.Debug|x64.Build.0 = Debug|Any CPU
		{FEBEC1D2-0160-6DD9-7D49-D612025B4458}.Debug|x86.ActiveCfg = Debug|Any CPU
		{FEBEC1D2-0160-6DD9-7D49-D612025B4458}.Debug|x86.Build.0 = Debug|Any CPU
		{FEBEC1D2-0160-6DD9-7D49-D612025B4458}.Release|Any CPU.ActiveCfg = Release|Any CPU
		{FEBEC1D2-0160-6DD9-7D49-D612025B4458}.Release|Any CPU.Build.0 = Release|Any CPU
		{FEBEC1D2-0160-6DD9-7D49-D612025B4458}.Release|x64.ActiveCfg = Release|Any CPU
		{FEBEC1D2-0160-6DD9-7D49-D612025B4458}.Release|x64.Build.0 = Release|Any CPU
		{FEBEC1D2-0160-6DD9-7D49-D612025B4458}.Release|x86.ActiveCfg = Release|Any CPU
		{FEBEC1D2-0160-6DD9-7D49-D612025B4458}.Release|x86.Build.0 = Release|Any CPU
		{F9267D5B-5227-28E5-4498-BD4E87BA8B44}.Debug|Any CPU.ActiveCfg = Debug|Any CPU
		{F9267D5B-5227-28E5-4498-BD4E87BA8B44}.Debug|Any CPU.Build.0 = Debug|Any CPU
		{F9267D5B-5227-28E5-4498-BD4E87BA8B44}.Debug|x64.ActiveCfg = Debug|Any CPU
		{F9267D5B-5227-28E5-4498-BD4E87BA8B44}.Debug|x64.Build.0 = Debug|Any CPU
		{F9267D5B-5227-28E5-4498-BD4E87BA8B44}.Debug|x86.ActiveCfg = Debug|Any CPU
		{F9267D5B-5227-28E5-4498-BD4E87BA8B44}.Debug|x86.Build.0 = Debug|Any CPU
		{F9267D5B-5227-28E5-4498-BD4E87BA8B44}.Release|Any CPU.ActiveCfg = Release|Any CPU
		{F9267D5B-5227-28E5-4498-BD4E87BA8B44}.Release|Any CPU.Build.0 = Release|Any CPU
		{F9267D5B-5227-28E5-4498-BD4E87BA8B44}.Release|x64.ActiveCfg = Release|Any CPU
		{F9267D5B-5227-28E5-4498-BD4E87BA8B44}.Release|x64.Build.0 = Release|Any CPU
		{F9267D5B-5227-28E5-4498-BD4E87BA8B44}.Release|x86.ActiveCfg = Release|Any CPU
		{F9267D5B-5227-28E5-4498-BD4E87BA8B44}.Release|x86.Build.0 = Release|Any CPU
		{7AC03D84-0E9D-00E6-A7CE-F36052145CBA}.Debug|Any CPU.ActiveCfg = Debug|Any CPU
		{7AC03D84-0E9D-00E6-A7CE-F36052145CBA}.Debug|Any CPU.Build.0 = Debug|Any CPU
		{7AC03D84-0E9D-00E6-A7CE-F36052145CBA}.Debug|x64.ActiveCfg = Debug|Any CPU
		{7AC03D84-0E9D-00E6-A7CE-F36052145CBA}.Debug|x64.Build.0 = Debug|Any CPU
		{7AC03D84-0E9D-00E6-A7CE-F36052145CBA}.Debug|x86.ActiveCfg = Debug|Any CPU
		{7AC03D84-0E9D-00E6-A7CE-F36052145CBA}.Debug|x86.Build.0 = Debug|Any CPU
		{7AC03D84-0E9D-00E6-A7CE-F36052145CBA}.Release|Any CPU.ActiveCfg = Release|Any CPU
		{7AC03D84-0E9D-00E6-A7CE-F36052145CBA}.Release|Any CPU.Build.0 = Release|Any CPU
		{7AC03D84-0E9D-00E6-A7CE-F36052145CBA}.Release|x64.ActiveCfg = Release|Any CPU
		{7AC03D84-0E9D-00E6-A7CE-F36052145CBA}.Release|x64.Build.0 = Release|Any CPU
		{7AC03D84-0E9D-00E6-A7CE-F36052145CBA}.Release|x86.ActiveCfg = Release|Any CPU
		{7AC03D84-0E9D-00E6-A7CE-F36052145CBA}.Release|x86.Build.0 = Release|Any CPU
	EndGlobalSection
	GlobalSection(SolutionProperties) = preSolution
		HideSolutionNode = FALSE
	EndGlobalSection
	GlobalSection(NestedProjects) = preSolution
		{EA652391-0F2F-3131-41BB-8A5A898A9ACB} = {827E0CD3-B72D-47B6-A68D-7590B98EB39B}
		{F5CC214B-B36A-BED5-0094-BA8B61639B26} = {827E0CD3-B72D-47B6-A68D-7590B98EB39B}
		{FEBEC1D2-0160-6DD9-7D49-D612025B4458} = {827E0CD3-B72D-47B6-A68D-7590B98EB39B}
		{F9267D5B-5227-28E5-4498-BD4E87BA8B44} = {827E0CD3-B72D-47B6-A68D-7590B98EB39B}
		{7AC03D84-0E9D-00E6-A7CE-F36052145CBA} = {0AB3BF05-4346-4AA6-1389-037BE0695223}
	EndGlobalSection
	GlobalSection(ExtensibilityGlobals) = postSolution
		SolutionGuid = {C2C7EC33-A226-4766-8DAD-C907EE8D552D}
	EndGlobalSection
EndGlobal
